{
  "name": "simple",
  "version": "1.0.0",
  "lockfileVersion": 1,
  "requires": true,
  "dependencies": {
    "vertx3-min": {
      "version": "3.7.0",
      "resolved": "http://nexus.fsc.follett.com/nexus/repository/npm-all/vertx3-min/-/vertx3-min-3.7.0.tgz",
      "integrity": "sha512-8wPnh0SAcmGwXnB6Lwkyq0TFQkDKz53++b0h30g4uGfKLF48Qrnk5myFTxzP2aMJVf/7qqjDzqPjdWI/SMMFrw==",
      "dev": true
    }
  }
}
